
Microsoft Visual Studio Solution File, Format Version 12.00
# Visual Studio Version 17
VisualStudioVersion = 17.8.34330.188
MinimumVisualStudioVersion = 10.0.40219.1
Project("{FAE04EC0-301F-11D3-BF4B-00C04F79EFBC}") = "NodeInCode_InNode", "NodeInCode_InNode\NodeInCode_InNode.csproj", "{317EB918-F35A-438C-8E9D-0DC0B0AAAAD9}"
EndProject
Global
	GlobalSection(SolutionConfigurationPlatforms) = preSolution
		Debug|Any CPU = Debug|Any CPU
		Release|Any CPU = Release|Any CPU
	EndGlobalSection
	GlobalSection(ProjectConfigurationPlatforms) = postSolution
		{317EB918-F35A-438C-8E9D-0DC0B0AAAAD9}.Debug|Any CPU.ActiveCfg = Debug|Any CPU
		{317EB918-F35A-438C-8E9D-0DC0B0AAAAD9}.Debug|Any CPU.Build.0 = Debug|Any CPU
		{317EB918-F35A-438C-8E9D-0DC0B0AAAAD9}.Release|Any CPU.ActiveCfg = Release|Any CPU
		{317EB918-F35A-438C-8E9D-0DC0B0AAAAD9}.Release|Any CPU.Build.0 = Release|Any CPU
	EndGlobalSection
	GlobalSection(SolutionProperties) = preSolution
		HideSolutionNode = FALSE
	EndGlobalSection
	GlobalSection(ExtensibilityGlobals) = postSolution
		SolutionGuid = {E8049B27-F206-4022-8D55-05ED659F08C7}
	EndGlobalSection
EndGlobal
